<Solution>
  <Folder Name="/src/">
    <Project Path="src/Gorodki.Api/Gorodki.Api.csproj" />
    <Project Path="src/Gorodki.Domain/Gorodki.Domain.csproj" />
  </Folder>
  <Folder Name="/tests/">
    <Project Path="tests/Gorodki.Api.Tests/Gorodki.Api.Tests.csproj" />
    <Project Path="tests/Gorodki.Calibration.Tests/Gorodki.Calibration.Tests.csproj" />
    <Project Path="tests/Gorodki.Domain.Tests/Gorodki.Domain.Tests.csproj" />
    <Project Path="tests/Gorodki.IntegrationTests/Gorodki.IntegrationTests.csproj" />
    <Project Path="tests/Gorodki.OsmPipeline.Tests/Gorodki.OsmPipeline.Tests.csproj" />
  </Folder>
  <Folder Name="/tools/">
    <Project Path="tools/Gorodki.Calibration/Gorodki.Calibration.csproj" />
    <Project Path="tools/Gorodki.GeoBench/Gorodki.GeoBench.csproj" />
    <Project Path="tools/Gorodki.OsmPipeline/Gorodki.OsmPipeline.csproj" />
  </Folder>
</Solution>
